// !$*UTF8*$!
{
	archiveVersion = 1;
	classes = {
	};
	objectVersion = 48;
	objects = {

/* Begin PBXBuildFile section */
		41DF0DC520277BD90059E3D2 /* AppDelegate.swift in Sources */ = {isa = PBXBuildFile; fileRef = 41DF0DC420277BD90059E3D2 /* AppDelegate.swift */; };
		41DF0DC720277BD90059E3D2 /* ViewController.swift in Sources */ = {isa = PBXBuildFile; fileRef = 41DF0DC620277BD90059E3D2 /* ViewController.swift */; };
		41DF0DCA20277BD90059E3D2 /* Main.storyboard in Resources */ = {isa = PBXBuildFile; fileRef = 41DF0DC820277BD90059E3D2 /* Main.storyboard */; };
		41DF0DCC20277BD90059E3D2 /* Assets.xcassets in Resources */ = {isa = PBXBuildFile; fileRef = 41DF0DCB20277BD90059E3D2 /* Assets.xcassets */; };
		41DF0DCF20277BD90059E3D2 /* LaunchScreen.storyboard in Resources */ = {isa = PBXBuildFile; fileRef = 41DF0DCD20277BD90059E3D2 /* LaunchScreen.storyboard */; };
/* End PBXBuildFile section */

/* Begin PBXFileReference section */
		41DF0DC120277BD90059E3D2 /* Zoomtransition.app */ = {isa = PBXFileReference; explicitFileType = wrapper.application; includeInIndex = 0; path = Zoomtransition.app; sourceTree = BUILT_PRODUCTS_DIR; };
		41DF0DC420277BD90059E3D2 /* AppDelegate.swift */ = {isa = PBXFileReference; lastKnownFileType = sourcecode.swift; path = AppDelegate.swift; sourceTree = "<group>"; };
		41DF0DC620277BD90059E3D2 /* ViewController.swift */ = {isa = PBXFileReference; lastKnownFileType = sourcecode.swift; path = ViewController.swift; sourceTree = "<group>"; };
		41DF0DC920277BD90059E3D2 /* Base */ = {isa = PBXFileReference; lastKnownFileType = file.storyboard; name = Base; path = Base.lproj/Main.storyboard; sourceTree = "<group>"; };
		41DF0DCB20277BD90059E3D2 /* Assets.xcassets */ = {isa = PBXFileReference; lastKnownFileType = folder.assetcatalog; path = Assets.xcassets; sourceTree = "<group>"; };
		41DF0DCE20277BD90059E3D2 /* Base */ = {isa = PBXFileReference; lastKnownFileType = file.storyboard; name = Base; path = Base.lproj/LaunchScreen.storyboard; sourceTree = "<group>"; };
		41DF0DD020277BD90059E3D2 /* Info.plist */ = {isa = PBXFileReference; lastKnownFileType = text.plist.xml; path = Info.plist; sourceTree = "<group>"; };
/* End PBXFileReference section */

/* Begin PBXFrameworksBuildPhase section */
		41DF0DBE20277BD90059E3D2 /* Frameworks */ = {
			isa = PBXFrameworksBuildPhase;
			buildActionMask = 2147483647;
			files = (
			);
			runOnlyForDeploymentPostprocessing = 0;
		};
/* End PBXFrameworksBuildPhase section */

/* Begin PBXGroup section */
		41DF0DB820277BD90059E3D2 = {
			isa = PBXGroup;
			children = (
				41DF0DC320277BD90059E3D2 /* Zoomtransition */,
				41DF0DC220277BD90059E3D2 /* Products */,
			);
			sourceTree = "<group>";
		};
		41DF0DC220277BD90059E3D2 /* Products */ = {
			isa = PBXGroup;
			children = (
				41DF0DC120277BD90059E3D2 /* Zoomtransition.app */,
			);
			name = Products;
			sourceTree = "<group>";
		};
		41DF0DC320277BD90059E3D2 /* Zoomtransition */ = {
			isa = PBXGroup;
			children = (
				41DF0DC420277BD90059E3D2 /* AppDelegate.swift */,
				41DF0DC620277BD90059E3D2 /* ViewController.swift */,
				41DF0DC820277BD90059E3D2 /* Main.storyboard */,
				41DF0DCB20277BD90059E3D2 /* Assets.xcassets */,
				41DF0DCD20277BD90059E3D2 /* LaunchScreen.storyboard */,
				41DF0DD020277BD90059E3D2 /* Info.plist */,
			);
			path = Zoomtransition;
			sourceTree = "<group>";
		};
/* End PBXGroup section */

/* Begin PBXNativeTarget section */
		41DF0DC020277BD90059E3D2 /* Zoomtransition */ = {
			isa = PBXNativeTarget;
			buildConfigurationList = 41DF0DD320277BD90059E3D2 /* Build configuration list for PBXNativeTarget "Zoomtransition" */;
			buildPhases = (
				41DF0DBD20277BD90059E3D2 /* Sources */,
				41DF0DBE20277BD90059E3D2 /* Frameworks */,
				41DF0DBF20277BD90059E3D2 /* Resources */,
			);
			buildRules = (
			);
			dependencies = (
			);
			name = Zoomtransition;
			productName = Zoomtransition;
			productReference = 41DF0DC120277BD90059E3D2 /* Zoomtransition.app */;
			productType = "com.apple.product-type.application";
		};
/* End PBXNativeTarget section */

/* Begin PBXProject section */
		41DF0DB920277BD90059E3D2 /* Project object */ = {
			isa = PBXProject;
			attributes = {
				LastSwiftUpdateCheck = 0920;
				LastUpgradeCheck = 0920;
				ORGANIZATIONNAME = "Jairo Bambang Oetomo";
				TargetAttributes = {
					41DF0DC020277BD90059E3D2 = {
						CreatedOnToolsVersion = 9.2;
						ProvisioningStyle = Automatic;
					};
				};
			};
			buildConfigurationList = 41DF0DBC20277BD90059E3D2 /* Build configuration list for PBXProject "Zoomtransition" */;
			compatibilityVersion = "Xcode 8.0";
			developmentRegion = en;
			hasScannedForEncodings = 0;
			knownRegions = (
				en,
				Base,
			);
			mainGroup = 41DF0DB820277BD90059E3D2;
			productRefGroup = 41DF0DC220277BD90059E3D2 /* Products */;
			projectDirPath = "";
			projectRoot = "";
			targets = (
				41DF0DC020277BD90059E3D2 /* Zoomtransition */,
			);
		};
/* End PBXProject section */

/* Begin PBXResourcesBuildPhase section */
		41DF0DBF20277BD90059E3D2 /* Resources */ = {
			isa = PBXResourcesBuildPhase;
			buildActionMask = 2147483647;
			files = (
				41DF0DCF20277BD90059E3D2 /* LaunchScreen.storyboard in Resources */,
				41DF0DCC20277BD90059E3D2 /* Assets.xcassets in Resources */,
				41DF0DCA20277BD90059E3D2 /* Main.storyboard in Resources */,
			);
			runOnlyForDeploymentPostprocessing = 0;
		};
/* End PBXResourcesBuildPhase section */

/* Begin PBXSourcesBuildPhase section */
		41DF0DBD20277BD90059E3D2 /* Sources */ = {
			isa = PBXSourcesBuildPhase;
			buildActionMask = 2147483647;
			files = (
				41DF0DC720277BD90059E3D2 /* ViewController.swift in Sources */,
				41DF0DC520277BD90059E3D2 /* AppDelegate.swift in Sources */,
			);
			runOnlyForDeploymentPostprocessing = 0;
		};
/* End PBXSourcesBuildPhase section */

/* Begin PBXVariantGroup section */
		41DF0DC820277BD90059E3D2 /* Main.storyboard */ = {
			isa = PBXVariantGroup;
			children = (
				41DF0DC920277BD90059E3D2 /* Base */,
			);
			name = Main.storyboard;
			sourceTree = "<group>";
		};
		41DF0DCD20277BD90059E3D2 /* LaunchScreen.storyboard */ = {
			isa = PBXVariantGroup;
			children = (
				41DF0DCE20277BD90059E3D2 /* Base */,
			);
			name = LaunchScreen.storyboard;
			sourceTree = "<group>";
		};
/* End PBXVariantGroup section */

/* Begin XCBuildConfiguration section */
		41DF0DD120277BD90059E3D2 /* Debug */ = {
			isa = XCBuildConfiguration;
			buildSettings = {
				ALWAYS_SEARCH_USER_PATHS = NO;
				CLANG_ANALYZER_NONNULL = YES;
				CLANG_ANALYZER_NUMBER_OBJECT_CONVERSION = YES_AGGRESSIVE;
				CLANG_CXX_LANGUAGE_STANDARD = "gnu++14";
				CLANG_CXX_LIBRARY = "libc++";
				CLANG_ENABLE_MODULES = YES;
				CLANG_ENABLE_OBJC_ARC = YES;
				CLANG_WARN_BLOCK_CAPTURE_AUTORELEASING = YES;
				CLANG_WARN_BOOL_CONVERSION = YES;
				CLANG_WARN_COMMA = YES;
				CLANG_WARN_CONSTANT_CONVERSION = YES;
				CLANG_WARN_DIRECT_OBJC_ISA_USAGE = YES_ERROR;
				CLANG_WARN_DOCUMENTATION_COMMENTS = YES;
				CLANG_WARN_EMPTY_BODY = YES;
				CLANG_WARN_ENUM_CONVERSION = YES;
				CLANG_WARN_INFINITE_RECURSION = YES;
				CLANG_WARN_INT_CONVERSION = YES;
				CLANG_WARN_NON_LITERAL_NULL_CONVERSION = YES;
				CLANG_WARN_OBJC_LITERAL_CONVERSION = YES;
				CLANG_WARN_OBJC_ROOT_CLASS = YES_ERROR;
				CLANG_WARN_RANGE_LOOP_ANALYSIS = YES;
				CLANG_WARN_STRICT_PROTOTYPES = YES;
				CLANG_WARN_SUSPICIOUS_MOVE = YES;
				CLANG_WARN_UNGUARDED_AVAILABILITY = YES_AGGRESSIVE;
				CLANG_WARN_UNREACHABLE_CODE = YES;
				CLANG_WARN__DUPLICATE_METHOD_MATCH = YES;
				CODE_SIGN_IDENTITY = "iPhone Developer";
				COPY_PHASE_STRIP = NO;
				DEBUG_INFORMATION_FORMAT = dwarf;
				ENABLE_STRICT_OBJC_MSGSEND = YES;
				ENABLE_TESTABILITY = YES;
				GCC_C_LANGUAGE_STANDARD = gnu11;
				GCC_DYNAMIC_NO_PIC = NO;
				GCC_NO_COMMON_BLOCKS = YES;
				GCC_OPTIMIZATION_LEVEL = 0;
				GCC_PREPROCESSOR_DEFINITIONS = (
					"DEBUG=1",
					"$(inherited)",
				);
				GCC_WARN_64_TO_32_BIT_CONVERSION = YES;
				GCC_WARN_ABOUT_RETURN_TYPE = YES_ERROR;
				GCC_WARN_UNDECLARED_SELECTOR = YES;
				GCC_WARN_UNINITIALIZED_AUTOS = YES_AGGRESSIVE;
				GCC_WARN_UNUSED_FUNCTION = YES;
				GCC_WARN_UNUSED_VARIABLE = YES;
				IPHONEOS_DEPLOYMENT_TARGET = 11.2;
				MTL_ENABLE_DEBUG_INFO = YES;
				ONLY_ACTIVE_ARCH = YES;
				SDKROOT = iphoneos;
				SWIFT_ACTIVE_COMPILATION_CONDITIONS = DEBUG;
				SWIFT_OPTIMIZATION_LEVEL = "-Onone";
			};
			name = Debug;
		};
		41DF0DD220277BD90059E3D2 /* Release */ = {
			isa = XCBuildConfiguration;
			buildSettings = {
				ALWAYS_SEARCH_USER_PATHS = NO;
				CLANG_ANALYZER_NONNULL = YES;
				CLANG_ANALYZER_NUMBER_OBJECT_CONVERSION = YES_AGGRESSIVE;
				CLANG_CXX_LANGUAGE_STANDARD = "gnu++14";
				CLANG_CXX_LIBRARY = "libc++";
				CLANG_ENABLE_MODULES = YES;
				CLANG_ENABLE_OBJC_ARC = YES;
				CLANG_WARN_BLOCK_CAPTURE_AUTORELEASING = YES;
				CLANG_WARN_BOOL_CONVERSION = YES;
				CLANG_WARN_COMMA = YES;
				CLANG_WARN_CONSTANT_CONVERSION = YES;
				CLANG_WARN_DIRECT_OBJC_ISA_USAGE = YES_ERROR;
				CLANG_WARN_DOCUMENTATION_COMMENTS = YES;
				CLANG_WARN_EMPTY_BODY = YES;
				CLANG_WARN_ENUM_CONVERSION = YES;
				CLANG_WARN_INFINITE_RECURSION = YES;
				CLANG_WARN_INT_CONVERSION = YES;
				CLANG_WARN_NON_LITERAL_NULL_CONVERSION = YES;
				CLANG_WARN_OBJC_LITERAL_CONVERSION = YES;
				CLANG_WARN_OBJC_ROOT_CLASS = YES_ERROR;
				CLANG_WARN_RANGE_LOOP_ANALYSIS = YES;
				CLANG_WARN_STRICT_PROTOTYPES = YES;
				CLANG_WARN_SUSPICIOUS_MOVE = YES;
				CLANG_WARN_UNGUARDED_AVAILABILITY = YES_AGGRESSIVE;
				CLANG_WARN_UNREACHABLE_CODE = YES;
				CLANG_WARN__DUPLICATE_METHOD_MATCH = YES;
				CODE_SIGN_IDENTITY = "iPhone Developer";
				COPY_PHASE_STRIP = NO;
				DEBUG_INFORMATION_FORMAT = "dwarf-with-dsym";
				ENABLE_NS_ASSERTIONS = NO;
				ENABLE_STRICT_OBJC_MSGSEND = YES;
				GCC_C_LANGUAGE_STANDARD = gnu11;
				GCC_NO_COMMON_BLOCKS = YES;
				GCC_WARN_64_TO_32_BIT_CONVERSION = YES;
				GCC_WARN_ABOUT_RETURN_TYPE = YES_ERROR;
				GCC_WARN_UNDECLARED_SELECTOR = YES;
				GCC_WARN_UNINITIALIZED_AUTOS = YES_AGGRESSIVE;
				GCC_WARN_UNUSED_FUNCTION = YES;
				GCC_WARN_UNUSED_VARIABLE = YES;
				IPHONEOS_DEPLOYMENT_TARGET = 11.2;
				MTL_ENABLE_DEBUG_INFO = NO;
				SDKROOT = iphoneos;
				SWIFT_OPTIMIZATION_LEVEL = "-Owholemodule";
				VALIDATE_PRODUCT = YES;
			};
			name = Release;
		};
		41DF0DD420277BD90059E3D2 /* Debug */ = {
			isa = XCBuildConfiguration;
			buildSettings = {
				ASSETCATALOG_COMPILER_APPICON_NAME = AppIcon;
				CODE_SIGN_STYLE = Automatic;
				DEVELOPMENT_TEAM = VT68NYD9K6;
				INFOPLIST_FILE = Zoomtransition/Info.plist;
				LD_RUNPATH_SEARCH_PATHS = "$(inherited) @executable_path/Frameworks";
				PRODUCT_BUNDLE_IDENTIFIER = com.dramamedia.Zoomtransition;
				PRODUCT_NAME = "$(TARGET_NAME)";
				SWIFT_VERSION = 4.0;
				TARGETED_DEVICE_FAMILY = "1,2";
			};
			name = Debug;
		};
		41DF0DD520277BD90059E3D2 /* Release */ = {
			isa = XCBuildConfiguration;
			buildSettings = {
				ASSETCATALOG_COMPILER_APPICON_NAME = AppIcon;
				CODE_SIGN_STYLE = Automatic;
				DEVELOPMENT_TEAM = VT68NYD9K6;
				INFOPLIST_FILE = Zoomtransition/Info.plist;
				LD_RUNPATH_SEARCH_PATHS = "$(inherited) @executable_path/Frameworks";
				PRODUCT_BUNDLE_IDENTIFIER = com.dramamedia.Zoomtransition;
				PRODUCT_NAME = "$(TARGET_NAME)";
				SWIFT_VERSION = 4.0;
				TARGETED_DEVICE_FAMILY = "1,2";
			};
			name = Release;
		};
/* End XCBuildConfiguration section */

/* Begin XCConfigurationList section */
		41DF0DBC20277BD90059E3D2 /* Build configuration list for PBXProject "Zoomtransition" */ = {
			isa = XCConfigurationList;
			buildConfigurations = (
				41DF0DD120277BD90059E3D2 /* Debug */,
				41DF0DD220277BD90059E3D2 /* Release */,
			);
			defaultConfigurationIsVisible = 0;
			defaultConfigurationName = Release;
		};
		41DF0DD320277BD90059E3D2 /* Build configuration list for PBXNativeTarget "Zoomtransition" */ = {
			isa = XCConfigurationList;
			buildConfigurations = (
				41DF0DD420277BD90059E3D2 /* Debug */,
				41DF0DD520277BD90059E3D2 /* Release */,
			);
			defaultConfigurationIsVisible = 0;
			defaultConfigurationName = Release;
		};
/* End XCConfigurationList section */
	};
	rootObject = 41DF0DB920277BD90059E3D2 /* Project object */;
}
